<Solution>
  <Folder Name="/common/">
    <File Path=".gitignore" />
    <File Path="Directory.Build.props" />
    <File Path="Directory.Packages.props" />
  </Folder>
  <Folder Name="/src/">
    <Project Path="src\Workshop4.Application\Workshop4.Application.csproj" Type="Classic C#" />
    <Project Path="src\Workshop4.Presentation\Workshop4.Presentation.csproj" Type="Classic C#" />
  </Folder>
</Solution>